
Microsoft Visual Studio Solution File, Format Version 12.00
# Visual Studio Version 17
VisualStudioVersion = 17.8.34330.188
MinimumVisualStudioVersion = 10.0.40219.1
Project("{9A19103F-16F7-4668-BE54-9A1E7A4F7556}") = "MyAppWeb", "MyAppWeb\MyAppWeb.csproj", "{70A77803-16A6-4624-82B1-11D4B162E705}"
EndProject
Project("{9A19103F-16F7-4668-BE54-9A1E7A4F7556}") = "MyApp.Models", "MyApp.Models\MyApp.Models.csproj", "{BBDFC238-A032-4FB5-BFEC-2286E50B602C}"
EndProject
Project("{9A19103F-16F7-4668-BE54-9A1E7A4F7556}") = "MyApp.DataAccessLayer", "MyApp.DataAccessLayer\MyApp.DataAccessLayer.csproj", "{7509C3C4-0352-4D4D-A436-D0AE5DF9EA7F}"
EndProject
Project("{FAE04EC0-301F-11D3-BF4B-00C04F79EFBC}") = "MyApp.CommonHelper", "MyApp.CommonHelper\MyApp.CommonHelper.csproj", "{3C3D0AD3-FAA1-42F8-9CE5-F0742E5FBBB0}"
EndProject
Global
	GlobalSection(SolutionConfigurationPlatforms) = preSolution
		Debug|Any CPU = Debug|Any CPU
		Release|Any CPU = Release|Any CPU
	EndGlobalSection
	GlobalSection(ProjectConfigurationPlatforms) = postSolution
		{70A77803-16A6-4624-82B1-11D4B162E705}.Debug|Any CPU.ActiveCfg = Debug|Any CPU
		{70A77803-16A6-4624-82B1-11D4B162E705}.Debug|Any CPU.Build.0 = Debug|Any CPU
		{70A77803-16A6-4624-82B1-11D4B162E705}.Release|Any CPU.ActiveCfg = Release|Any CPU
		{70A77803-16A6-4624-82B1-11D4B162E705}.Release|Any CPU.Build.0 = Release|Any CPU
		{BBDFC238-A032-4FB5-BFEC-2286E50B602C}.Debug|Any CPU.ActiveCfg = Debug|Any CPU
		{BBDFC238-A032-4FB5-BFEC-2286E50B602C}.Debug|Any CPU.Build.0 = Debug|Any CPU
		{BBDFC238-A032-4FB5-BFEC-2286E50B602C}.Release|Any CPU.ActiveCfg = Release|Any CPU
		{BBDFC238-A032-4FB5-BFEC-2286E50B602C}.Release|Any CPU.Build.0 = Release|Any CPU
		{7509C3C4-0352-4D4D-A436-D0AE5DF9EA7F}.Debug|Any CPU.ActiveCfg = Debug|Any CPU
		{7509C3C4-0352-4D4D-A436-D0AE5DF9EA7F}.Debug|Any CPU.Build.0 = Debug|Any CPU
		{7509C3C4-0352-4D4D-A436-D0AE5DF9EA7F}.Release|Any CPU.ActiveCfg = Release|Any CPU
		{7509C3C4-0352-4D4D-A436-D0AE5DF9EA7F}.Release|Any CPU.Build.0 = Release|Any CPU
		{3C3D0AD3-FAA1-42F8-9CE5-F0742E5FBBB0}.Debug|Any CPU.ActiveCfg = Debug|Any CPU
		{3C3D0AD3-FAA1-42F8-9CE5-F0742E5FBBB0}.Debug|Any CPU.Build.0 = Debug|Any CPU
		{3C3D0AD3-FAA1-42F8-9CE5-F0742E5FBBB0}.Release|Any CPU.ActiveCfg = Release|Any CPU
		{3C3D0AD3-FAA1-42F8-9CE5-F0742E5FBBB0}.Release|Any CPU.Build.0 = Release|Any CPU
	EndGlobalSection
	GlobalSection(SolutionProperties) = preSolution
		HideSolutionNode = FALSE
	EndGlobalSection
	GlobalSection(ExtensibilityGlobals) = postSolution
		SolutionGuid = {DA5FFCE1-8360-4BCF-A779-7380C3B51CA7}
	EndGlobalSection
EndGlobal
